
Microsoft Visual Studio Solution File, Format Version 12.00
# Visual Studio Version 16
VisualStudioVersion = 16.0.31410.357
MinimumVisualStudioVersion = 10.0.40219.1
Project("{9A19103F-16F7-4668-BE54-9A1E7A4F7556}") = "AAI", "AAI\AAI.csproj", "{B43BDB53-293E-453E-B4B8-F5A672227975}"
EndProject
Project("{9A19103F-16F7-4668-BE54-9A1E7A4F7556}") = "AAI.Utils", "AAI.Utils\AAI.Utils.csproj", "{BEDA4FB1-19B1-417C-B5B2-BF87FA643FCC}"
EndProject
Project("{FAE04EC0-301F-11D3-BF4B-00C04F79EFBC}") = "AAI.DAL", "AAI.DAL\AAI.DAL.csproj", "{0F1C2FD1-23CE-4211-AACE-7BA74BA41860}"
EndProject
Global
	GlobalSection(SolutionConfigurationPlatforms) = preSolution
		Debug|Any CPU = Debug|Any CPU
		Release|Any CPU = Release|Any CPU
	EndGlobalSection
	GlobalSection(ProjectConfigurationPlatforms) = postSolution
		{B43BDB53-293E-453E-B4B8-F5A672227975}.Debug|Any CPU.ActiveCfg = Debug|Any CPU
		{B43BDB53-293E-453E-B4B8-F5A672227975}.Debug|Any CPU.Build.0 = Debug|Any CPU
		{B43BDB53-293E-453E-B4B8-F5A672227975}.Release|Any CPU.ActiveCfg = Release|Any CPU
		{B43BDB53-293E-453E-B4B8-F5A672227975}.Release|Any CPU.Build.0 = Release|Any CPU
		{BEDA4FB1-19B1-417C-B5B2-BF87FA643FCC}.Debug|Any CPU.ActiveCfg = Debug|Any CPU
		{BEDA4FB1-19B1-417C-B5B2-BF87FA643FCC}.Debug|Any CPU.Build.0 = Debug|Any CPU
		{BEDA4FB1-19B1-417C-B5B2-BF87FA643FCC}.Release|Any CPU.ActiveCfg = Release|Any CPU
		{BEDA4FB1-19B1-417C-B5B2-BF87FA643FCC}.Release|Any CPU.Build.0 = Release|Any CPU
		{0F1C2FD1-23CE-4211-AACE-7BA74BA41860}.Debug|Any CPU.ActiveCfg = Debug|Any CPU
		{0F1C2FD1-23CE-4211-AACE-7BA74BA41860}.Debug|Any CPU.Build.0 = Debug|Any CPU
		{0F1C2FD1-23CE-4211-AACE-7BA74BA41860}.Release|Any CPU.ActiveCfg = Release|Any CPU
		{0F1C2FD1-23CE-4211-AACE-7BA74BA41860}.Release|Any CPU.Build.0 = Release|Any CPU
	EndGlobalSection
	GlobalSection(SolutionProperties) = preSolution
		HideSolutionNode = FALSE
	EndGlobalSection
	GlobalSection(ExtensibilityGlobals) = postSolution
		SolutionGuid = {589F0CBF-4F21-4B0A-8B83-E8AB102147B0}
	EndGlobalSection
EndGlobal
